
Microsoft Visual Studio Solution File, Format Version 12.00
# Visual Studio Version 17
VisualStudioVersion = 17.9.34607.119
MinimumVisualStudioVersion = 10.0.40219.1
Project("{FAE04EC0-301F-11D3-BF4B-00C04F79EFBC}") = "forrms", "forrms\forrms.csproj", "{7193D5F3-D0D8-4D59-B273-DFA387A62CF6}"
EndProject
Global
	GlobalSection(SolutionConfigurationPlatforms) = preSolution
		Debug|Any CPU = Debug|Any CPU
		Release|Any CPU = Release|Any CPU
	EndGlobalSection
	GlobalSection(ProjectConfigurationPlatforms) = postSolution
		{7193D5F3-D0D8-4D59-B273-DFA387A62CF6}.Debug|Any CPU.ActiveCfg = Debug|Any CPU
		{7193D5F3-D0D8-4D59-B273-DFA387A62CF6}.Debug|Any CPU.Build.0 = Debug|Any CPU
		{7193D5F3-D0D8-4D59-B273-DFA387A62CF6}.Release|Any CPU.ActiveCfg = Release|Any CPU
		{7193D5F3-D0D8-4D59-B273-DFA387A62CF6}.Release|Any CPU.Build.0 = Release|Any CPU
	EndGlobalSection
	GlobalSection(SolutionProperties) = preSolution
		HideSolutionNode = FALSE
	EndGlobalSection
	GlobalSection(ExtensibilityGlobals) = postSolution
		SolutionGuid = {8E4C24B7-8CBC-49CD-B827-7980AEBD980C}
	EndGlobalSection
EndGlobal
